<Solution>
  <Project Path="Ejercicio_1/Ejercicio_01.csproj" />
  <Project Path="Ejercicio_10/Ejercicio_10.csproj" />
  <Project Path="Ejercicio_11/Ejercicio_11.csproj" />
  <Project Path="Ejercicio_12/Ejercicio_12.csproj" />
  <Project Path="Ejercicio_13/Ejercicio_13.csproj" />
  <Project Path="Ejercicio_14/Ejercicio_14.csproj" />
  <Project Path="Ejercicio_15/Ejercicio_15.csproj" />
  <Project Path="Ejercicio_2/Ejercicio_02.csproj" />
  <Project Path="Ejercicio_3/Ejercicio_03.csproj" />
  <Project Path="Ejercicio_4/Ejercicio_04.csproj" />
  <Project Path="Ejercicio_5/Ejercicio_05.csproj" />
  <Project Path="Ejercicio_6/Ejercicio_06.csproj" />
  <Project Path="Ejercicio_7/Ejercicio_07.csproj" />
  <Project Path="Ejercicio_8/Ejercicio_08.csproj" />
  <Project Path="Ejercicio_9/Ejercicio_09.csproj" />
</Solution>
